{
  "name": "@exotel/webrtc-client-sdk",
  "version": "1.0.0",
  "lockfileVersion": 2,
  "requires": true,
  "packages": {
    "": {
      "name": "@exotel/webrtc-client-sdk",
      "version": "1.0.0",
      "license": "ISC",
      "dependencies": {
        "@exotel/webrtc-core-sdk": "file:../webrtc-core-sdk"
      }
    },
    "../webrtc-core-sdk": {
      "version": "1.0.0",
      "license": "ISC"
    },
    "node_modules/@exotel/webrtc-core-sdk": {
      "resolved": "../webrtc-core-sdk",
      "link": true
    }
  },
  "dependencies": {
    "@exotel/webrtc-core-sdk": {
      "version": "file:../webrtc-core-sdk"
    }
  }
}
