{
  "name": "@exotel/webrtc-client-sdk",
  "version": "1.0.0",
  "lockfileVersion": 2,
  "requires": true,
  "packages": {
    "": {
      "name": "@exotel/webrtc-client-sdk",
      "version": "1.0.0",
      "license": "ISC",
      "dependencies": {
        "@exotel-npm-dev/webrtc-core-sdk": "^1.0.0"
      }
    },
    "../webrtc-core-sdk": {
      "name": "@exotel-npm-dev/webrtc-core-sdk",
      "version": "1.0.0",
      "extraneous": true,
      "license": "ISC"
    },
    "node_modules/@exotel-npm-dev/webrtc-core-sdk": {
      "version": "1.0.0",
      "resolved": "https://registry.npmjs.org/@exotel-npm-dev/webrtc-core-sdk/-/webrtc-core-sdk-1.0.0.tgz",
      "integrity": "sha512-9nHVWEcMNulh9cQkKOVNmL5tdXe6tZ9gsdHc2QzNnBfNPkseMqjfFyXINcQDWOQD82Pvv0dHMeB7gQmm0Fuu3Q=="
    }
  },
  "dependencies": {
    "@exotel-npm-dev/webrtc-core-sdk": {
      "version": "1.0.0",
      "resolved": "https://registry.npmjs.org/@exotel-npm-dev/webrtc-core-sdk/-/webrtc-core-sdk-1.0.0.tgz",
      "integrity": "sha512-9nHVWEcMNulh9cQkKOVNmL5tdXe6tZ9gsdHc2QzNnBfNPkseMqjfFyXINcQDWOQD82Pvv0dHMeB7gQmm0Fuu3Q=="
    }
  }
}
